github.com/aws/aws-sdk-go-v2 v1.36.1 h1:iTDl5U6oAhkNPba0e1t1hrwAo02ZMqbrGq4k5JBWM5E=
github.com/aws/aws-sdk-go-v2 v1.36.1/go.mod h1:5PMILGVKiW32oDzjj6RU52yrNrDPUHcbZQYr1sM7qmM=
github.com/aws/aws-sdk-go-v2/internal/configsources v1.3.32 h1:BjUcr3X3K0wZPGFg2bxOWW3VPN8rkE3/61zhP+IHviA=
github.com/aws/aws-sdk-go-v2/internal/configsources v1.3.32/go.mod h1:80+OGC/bgzzFFTUmcuwD0lb4YutwQeKLFpmt6hoWapU=
github.com/aws/aws-sdk-go-v2/internal/endpoints/v2 v2.6.32 h1:m1GeXHVMJsRsUAqG6HjZWx9dj7F5TR+cF1bjyfYyBd4=
github.com/aws/aws-sdk-go-v2/internal/endpoints/v2 v2.6.32/go.mod h1:IitoQxGfaKdVLNg0hD8/DXmAqNy0H4K2H2Sf91ti8sI=
github.com/aws/aws-sdk-go-v2/service/iotjobsdataplane v1.24.9 h1:V+2QJIgBU9XqEEi14KxvQvS86AgSwOFlLGfF6MI9QAc=
github.com/aws/aws-sdk-go-v2/service/iotjobsdataplane v1.24.9/go.mod h1:8+aU7B1/PkaI5iHPd8PSBPRC6IS56HPz7CfMPWXYW0k=
github.com/aws/smithy-go v1.22.2 h1:6D9hW43xKFrRx/tXXfAlIZc4JI+yQe6snnWcQyxSyLQ=
github.com/aws/smithy-go v1.22.2/go.mod h1:irrKGvNn1InZwb2d7fkIRNucdfwR8R+Ts3wxYa/cJHg=
github.com/eclipse/paho.mqtt.golang v1.5.0 h1:EH+bUVJNgttidWFkLLVKaQPGmkTUfQQqjOsyvMGvD6o=
github.com/eclipse/paho.mqtt.golang v1.5.0/go.mod h1:du/2qNQVqJf/Sqs4MEL77kR8QTqANF7XU7Fk0aOTAgk=
github.com/gorilla/websocket v1.5.3 h1:saDtZ6Pbx/0u+bgYQ3q96pZgCzfhKXGPqt7kZ72aNNg=
github.com/gorilla/websocket v1.5.3/go.mod h1:YR8l580nyteQvAITg2hZ9XVh4b55+EU/adAjf1fMHhE=
golang.org/x/net v0.27.0 h1:5K3Njcw06/l2y9vpGCSdcxWOYHOUk3dVNGDXN+FvAys=
golang.org/x/net v0.27.0/go.mod h1:dDi0PyhWNoiUOrAS8uXv/vnScO4wnHQO4mj9fn/RytE=
golang.org/x/sync v0.7.0 h1:YsImfSBoP9QPYL0xyKJPq0gcaJdG3rInoqxTWbfQu9M=
golang.org/x/sync v0.7.0/go.mod h1:Czt+wKu1gCyEFDUtn0jG5QVvpJ6rzVqr5aXyt9drQfk=
gopkg.in/check.v1 v0.0.0-20161208181325-20d25e280405 h1:yhCVgyC4o1eVCa2tZl7eS0r+SDo693bJlVdllGtEeKM=
gopkg.in/check.v1 v0.0.0-20161208181325-20d25e280405/go.mod h1:Co6ibVJAznAaIkqp8huTwlJQCZ016jof/cbN4VW5Yz0=
gopkg.in/yaml.v3 v3.0.1 h1:fxVm/GzAzEWqLHuvctI91KS9hhNmmWOoWu0XTYJS7CA=
gopkg.in/yaml.v3 v3.0.1/go.mod h1:K4uyk7z7BCEPqu6E+C64Yfv1cQ7kz7rIZviUmN+EgEM=
